
Microsoft Visual Studio Solution File, Format Version 12.00
# Visual Studio 14
VisualStudioVersion = 14.0.22823.1
MinimumVisualStudioVersion = 10.0.40219.1
Project("{151D2E53-A2C4-4D7D-83FE-D05416EBD58E}") = "DevTestProd", "DevTestProd\DevTestProd.deployproj", "{375C09AE-2627-4BE8-8C60-F934CB285098}"
EndProject
Project("{2150E333-8FDC-42A3-9474-1A3956D46DE8}") = "Solution Items", "Solution Items", "{102BADBA-EE02-4CBC-BF6B-C42CD6CC1F8B}"
	ProjectSection(SolutionItems) = preProject
		README.md = README.md
	EndProjectSection
EndProject
Global
	GlobalSection(SolutionConfigurationPlatforms) = preSolution
		Debug|Any CPU = Debug|Any CPU
		Release|Any CPU = Release|Any CPU
	EndGlobalSection
	GlobalSection(ProjectConfigurationPlatforms) = postSolution
		{375C09AE-2627-4BE8-8C60-F934CB285098}.Debug|Any CPU.ActiveCfg = Debug|Any CPU
		{375C09AE-2627-4BE8-8C60-F934CB285098}.Debug|Any CPU.Build.0 = Debug|Any CPU
		{375C09AE-2627-4BE8-8C60-F934CB285098}.Release|Any CPU.ActiveCfg = Release|Any CPU
		{375C09AE-2627-4BE8-8C60-F934CB285098}.Release|Any CPU.Build.0 = Release|Any CPU
	EndGlobalSection
	GlobalSection(SolutionProperties) = preSolution
		HideSolutionNode = FALSE
	EndGlobalSection
EndGlobal
